
Microsoft Visual Studio Solution File, Format Version 12.00
# Visual Studio 15
VisualStudioVersion = 15.0.28307.1758
MinimumVisualStudioVersion = 10.0.40219.1
Project("{FAE04EC0-301F-11D3-BF4B-00C04F79EFBC}") = "Calculator", "Calculator\Calculator.csproj", "{4E1ED977-E3CC-4560-9499-2F3552CEE337}"
EndProject
Project("{9A19103F-16F7-4668-BE54-9A1E7A4F7556}") = "API", "API\API.csproj", "{653DFBA7-20E4-4107-94DB-B52A8C205F05}"
EndProject
Project("{FAE04EC0-301F-11D3-BF4B-00C04F79EFBC}") = "ScreenUI", "CalculatorScreen\ScreenUI.csproj", "{662F71AF-8F12-40C3-8D9F-D9DBF119A647}"
EndProject
Global
	GlobalSection(SolutionConfigurationPlatforms) = preSolution
		Debug|Any CPU = Debug|Any CPU
		Release|Any CPU = Release|Any CPU
	EndGlobalSection
	GlobalSection(ProjectConfigurationPlatforms) = postSolution
		{4E1ED977-E3CC-4560-9499-2F3552CEE337}.Debug|Any CPU.ActiveCfg = Debug|Any CPU
		{4E1ED977-E3CC-4560-9499-2F3552CEE337}.Debug|Any CPU.Build.0 = Debug|Any CPU
		{4E1ED977-E3CC-4560-9499-2F3552CEE337}.Release|Any CPU.ActiveCfg = Release|Any CPU
		{4E1ED977-E3CC-4560-9499-2F3552CEE337}.Release|Any CPU.Build.0 = Release|Any CPU
		{653DFBA7-20E4-4107-94DB-B52A8C205F05}.Debug|Any CPU.ActiveCfg = Debug|Any CPU
		{653DFBA7-20E4-4107-94DB-B52A8C205F05}.Debug|Any CPU.Build.0 = Debug|Any CPU
		{653DFBA7-20E4-4107-94DB-B52A8C205F05}.Release|Any CPU.ActiveCfg = Release|Any CPU
		{653DFBA7-20E4-4107-94DB-B52A8C205F05}.Release|Any CPU.Build.0 = Release|Any CPU
		{662F71AF-8F12-40C3-8D9F-D9DBF119A647}.Debug|Any CPU.ActiveCfg = Debug|Any CPU
		{662F71AF-8F12-40C3-8D9F-D9DBF119A647}.Debug|Any CPU.Build.0 = Debug|Any CPU
		{662F71AF-8F12-40C3-8D9F-D9DBF119A647}.Release|Any CPU.ActiveCfg = Release|Any CPU
		{662F71AF-8F12-40C3-8D9F-D9DBF119A647}.Release|Any CPU.Build.0 = Release|Any CPU
	EndGlobalSection
	GlobalSection(SolutionProperties) = preSolution
		HideSolutionNode = FALSE
	EndGlobalSection
	GlobalSection(ExtensibilityGlobals) = postSolution
		SolutionGuid = {4D3A8EBB-4F37-4185-9358-63FC9AD69BB4}
	EndGlobalSection
EndGlobal
